
Microsoft Visual Studio Solution File, Format Version 11.00
# Visual Studio 2010
Project("{8BC9CEB8-8B4A-11D0-8D11-00A0C91BC942}") = "WaveletBenchmark", "WaveletBenchmark\WaveletBenchmark.vcxproj", "{14E59E25-3694-4A74-AB57-70047BCD8DB1}"
EndProject
Project("{8BC9CEB8-8B4A-11D0-8D11-00A0C91BC942}") = "DemoCameraSimulator", "DemoCameraSimulator\DemoCameraSimulator.vcxproj", "{B4BFD84F-07FA-417D-B3D7-DABB1412A677}"
EndProject
Project("{8BC9CEB8-8B4A-11D0-8D11-00A0C91BC942}") = "DemoDOF", "DemoDOF\DemoDOF.vcxproj", "{ADAB6F33-BC20-4AA4-83D5-FE172DEF00AA}"
EndProject
Project("{8BC9CEB8-8B4A-11D0-8D11-00A0C91BC942}") = "DemoEffects", "DemoEffects\DemoEffects.vcxproj", "{D7C6A93E-65EC-4354-9285-7CB2B60DFEE7}"
EndProject
Project("{8BC9CEB8-8B4A-11D0-8D11-00A0C91BC942}") = "LibCLFFT", "LibCLFFT\LibCLFFT.vcxproj", "{C5DDB89B-DA78-4892-882D-560F90DC093F}"
EndProject
Project("{8BC9CEB8-8B4A-11D0-8D11-00A0C91BC942}") = "LibGPP", "LibGPP\LibGPP.vcxproj", "{8A0EE9AF-0E00-467E-9FB3-80EA52BD7AD9}"
EndProject
Project("{8BC9CEB8-8B4A-11D0-8D11-00A0C91BC942}") = "LibOpenCLWrapper", "LibOpenCLWrapper\LibOpenCLWrapper.vcxproj", "{5A3C8F8D-75FE-42A6-ACB1-D0CBC487CD3D}"
EndProject
Project("{8BC9CEB8-8B4A-11D0-8D11-00A0C91BC942}") = "TestNative", "TestNative\TestNative.vcxproj", "{E04D2705-5278-41CC-95D2-EB166A6D921C}"
EndProject
Project("{8BC9CEB8-8B4A-11D0-8D11-00A0C91BC942}") = "TestOpenCL", "TestOpenCL\TestOpenCL.vcxproj", "{B84FD6CE-EBA4-4F0E-B60E-F1D4061AEF06}"
EndProject
Project("{8BC9CEB8-8B4A-11D0-8D11-00A0C91BC942}") = "TestPerformance", "TestPerformance\TestPerformance.vcxproj", "{2C81B587-52E1-47CB-9D81-FEEC8E159163}"
EndProject
Project("{8BC9CEB8-8B4A-11D0-8D11-00A0C91BC942}") = "TestWavelets", "TestWavelets\TestWavelets.vcxproj", "{3427F9E3-AB17-4883-8E41-B3FD31E6613F}"
EndProject
Project("{8BC9CEB8-8B4A-11D0-8D11-00A0C91BC942}") = "TestXML", "TestXML\TestXML.vcxproj", "{FD5A3D24-61A3-43CB-AD9B-A65E1CBCA981}"
EndProject
Project("{8BC9CEB8-8B4A-11D0-8D11-00A0C91BC942}") = "Tutorial01", "Tutorial01\Tutorial01.vcxproj", "{FBD9ED62-762B-4849-BE76-E27E6C1B66BF}"
EndProject
Project("{8BC9CEB8-8B4A-11D0-8D11-00A0C91BC942}") = "Tutorial02", "Tutorial02\Tutorial02.vcxproj", "{9F521213-380D-4F9A-A53F-0575021064C8}"
EndProject
Project("{8BC9CEB8-8B4A-11D0-8D11-00A0C91BC942}") = "Tutorial03", "Tutorial03\Tutorial03.vcxproj", "{6A8F197E-39C6-4C1F-BB9A-9E813A7ABE19}"
EndProject
Project("{8BC9CEB8-8B4A-11D0-8D11-00A0C91BC942}") = "TestFinalWavelets", "TestFinalWavelets\TestFinalWavelets.vcxproj", "{5008C560-2710-4B5B-9E4A-CD4A0837F49B}"
	ProjectSection(ProjectDependencies) = postProject
		{5A3C8F8D-75FE-42A6-ACB1-D0CBC487CD3D} = {5A3C8F8D-75FE-42A6-ACB1-D0CBC487CD3D}
		{C5DDB89B-DA78-4892-882D-560F90DC093F} = {C5DDB89B-DA78-4892-882D-560F90DC093F}
		{8A0EE9AF-0E00-467E-9FB3-80EA52BD7AD9} = {8A0EE9AF-0E00-467E-9FB3-80EA52BD7AD9}
	EndProjectSection
EndProject
Global
	GlobalSection(SolutionConfigurationPlatforms) = preSolution
		Debug|Win32 = Debug|Win32
		Release|Win32 = Release|Win32
	EndGlobalSection
	GlobalSection(ProjectConfigurationPlatforms) = postSolution
		{14E59E25-3694-4A74-AB57-70047BCD8DB1}.Debug|Win32.ActiveCfg = Debug|Win32
		{14E59E25-3694-4A74-AB57-70047BCD8DB1}.Debug|Win32.Build.0 = Debug|Win32
		{14E59E25-3694-4A74-AB57-70047BCD8DB1}.Release|Win32.ActiveCfg = Release|Win32
		{14E59E25-3694-4A74-AB57-70047BCD8DB1}.Release|Win32.Build.0 = Release|Win32
		{B4BFD84F-07FA-417D-B3D7-DABB1412A677}.Debug|Win32.ActiveCfg = Debug|Win32
		{B4BFD84F-07FA-417D-B3D7-DABB1412A677}.Debug|Win32.Build.0 = Debug|Win32
		{B4BFD84F-07FA-417D-B3D7-DABB1412A677}.Release|Win32.ActiveCfg = Release|Win32
		{B4BFD84F-07FA-417D-B3D7-DABB1412A677}.Release|Win32.Build.0 = Release|Win32
		{ADAB6F33-BC20-4AA4-83D5-FE172DEF00AA}.Debug|Win32.ActiveCfg = Debug|Win32
		{ADAB6F33-BC20-4AA4-83D5-FE172DEF00AA}.Debug|Win32.Build.0 = Debug|Win32
		{ADAB6F33-BC20-4AA4-83D5-FE172DEF00AA}.Release|Win32.ActiveCfg = Release|Win32
		{ADAB6F33-BC20-4AA4-83D5-FE172DEF00AA}.Release|Win32.Build.0 = Release|Win32
		{D7C6A93E-65EC-4354-9285-7CB2B60DFEE7}.Debug|Win32.ActiveCfg = Debug|Win32
		{D7C6A93E-65EC-4354-9285-7CB2B60DFEE7}.Debug|Win32.Build.0 = Debug|Win32
		{D7C6A93E-65EC-4354-9285-7CB2B60DFEE7}.Release|Win32.ActiveCfg = Release|Win32
		{D7C6A93E-65EC-4354-9285-7CB2B60DFEE7}.Release|Win32.Build.0 = Release|Win32
		{C5DDB89B-DA78-4892-882D-560F90DC093F}.Debug|Win32.ActiveCfg = Debug|Win32
		{C5DDB89B-DA78-4892-882D-560F90DC093F}.Debug|Win32.Build.0 = Debug|Win32
		{C5DDB89B-DA78-4892-882D-560F90DC093F}.Release|Win32.ActiveCfg = Release|Win32
		{C5DDB89B-DA78-4892-882D-560F90DC093F}.Release|Win32.Build.0 = Release|Win32
		{8A0EE9AF-0E00-467E-9FB3-80EA52BD7AD9}.Debug|Win32.ActiveCfg = Debug|Win32
		{8A0EE9AF-0E00-467E-9FB3-80EA52BD7AD9}.Debug|Win32.Build.0 = Debug|Win32
		{8A0EE9AF-0E00-467E-9FB3-80EA52BD7AD9}.Release|Win32.ActiveCfg = Release|Win32
		{8A0EE9AF-0E00-467E-9FB3-80EA52BD7AD9}.Release|Win32.Build.0 = Release|Win32
		{5A3C8F8D-75FE-42A6-ACB1-D0CBC487CD3D}.Debug|Win32.ActiveCfg = Debug|Win32
		{5A3C8F8D-75FE-42A6-ACB1-D0CBC487CD3D}.Debug|Win32.Build.0 = Debug|Win32
		{5A3C8F8D-75FE-42A6-ACB1-D0CBC487CD3D}.Release|Win32.ActiveCfg = Release|Win32
		{5A3C8F8D-75FE-42A6-ACB1-D0CBC487CD3D}.Release|Win32.Build.0 = Release|Win32
		{E04D2705-5278-41CC-95D2-EB166A6D921C}.Debug|Win32.ActiveCfg = Debug|Win32
		{E04D2705-5278-41CC-95D2-EB166A6D921C}.Debug|Win32.Build.0 = Debug|Win32
		{E04D2705-5278-41CC-95D2-EB166A6D921C}.Release|Win32.ActiveCfg = Release|Win32
		{E04D2705-5278-41CC-95D2-EB166A6D921C}.Release|Win32.Build.0 = Release|Win32
		{B84FD6CE-EBA4-4F0E-B60E-F1D4061AEF06}.Debug|Win32.ActiveCfg = Debug|Win32
		{B84FD6CE-EBA4-4F0E-B60E-F1D4061AEF06}.Debug|Win32.Build.0 = Debug|Win32
		{B84FD6CE-EBA4-4F0E-B60E-F1D4061AEF06}.Release|Win32.ActiveCfg = Release|Win32
		{B84FD6CE-EBA4-4F0E-B60E-F1D4061AEF06}.Release|Win32.Build.0 = Release|Win32
		{2C81B587-52E1-47CB-9D81-FEEC8E159163}.Debug|Win32.ActiveCfg = Debug|Win32
		{2C81B587-52E1-47CB-9D81-FEEC8E159163}.Debug|Win32.Build.0 = Debug|Win32
		{2C81B587-52E1-47CB-9D81-FEEC8E159163}.Release|Win32.ActiveCfg = Release|Win32
		{2C81B587-52E1-47CB-9D81-FEEC8E159163}.Release|Win32.Build.0 = Release|Win32
		{3427F9E3-AB17-4883-8E41-B3FD31E6613F}.Debug|Win32.ActiveCfg = Debug|Win32
		{3427F9E3-AB17-4883-8E41-B3FD31E6613F}.Debug|Win32.Build.0 = Debug|Win32
		{3427F9E3-AB17-4883-8E41-B3FD31E6613F}.Release|Win32.ActiveCfg = Release|Win32
		{3427F9E3-AB17-4883-8E41-B3FD31E6613F}.Release|Win32.Build.0 = Release|Win32
		{FD5A3D24-61A3-43CB-AD9B-A65E1CBCA981}.Debug|Win32.ActiveCfg = Debug|Win32
		{FD5A3D24-61A3-43CB-AD9B-A65E1CBCA981}.Debug|Win32.Build.0 = Debug|Win32
		{FD5A3D24-61A3-43CB-AD9B-A65E1CBCA981}.Release|Win32.ActiveCfg = Release|Win32
		{FD5A3D24-61A3-43CB-AD9B-A65E1CBCA981}.Release|Win32.Build.0 = Release|Win32
		{FBD9ED62-762B-4849-BE76-E27E6C1B66BF}.Debug|Win32.ActiveCfg = Debug|Win32
		{FBD9ED62-762B-4849-BE76-E27E6C1B66BF}.Debug|Win32.Build.0 = Debug|Win32
		{FBD9ED62-762B-4849-BE76-E27E6C1B66BF}.Release|Win32.ActiveCfg = Release|Win32
		{FBD9ED62-762B-4849-BE76-E27E6C1B66BF}.Release|Win32.Build.0 = Release|Win32
		{9F521213-380D-4F9A-A53F-0575021064C8}.Debug|Win32.ActiveCfg = Debug|Win32
		{9F521213-380D-4F9A-A53F-0575021064C8}.Debug|Win32.Build.0 = Debug|Win32
		{9F521213-380D-4F9A-A53F-0575021064C8}.Release|Win32.ActiveCfg = Release|Win32
		{9F521213-380D-4F9A-A53F-0575021064C8}.Release|Win32.Build.0 = Release|Win32
		{6A8F197E-39C6-4C1F-BB9A-9E813A7ABE19}.Debug|Win32.ActiveCfg = Debug|Win32
		{6A8F197E-39C6-4C1F-BB9A-9E813A7ABE19}.Debug|Win32.Build.0 = Debug|Win32
		{6A8F197E-39C6-4C1F-BB9A-9E813A7ABE19}.Release|Win32.ActiveCfg = Release|Win32
		{6A8F197E-39C6-4C1F-BB9A-9E813A7ABE19}.Release|Win32.Build.0 = Release|Win32
		{5008C560-2710-4B5B-9E4A-CD4A0837F49B}.Debug|Win32.ActiveCfg = Debug|Win32
		{5008C560-2710-4B5B-9E4A-CD4A0837F49B}.Debug|Win32.Build.0 = Debug|Win32
		{5008C560-2710-4B5B-9E4A-CD4A0837F49B}.Release|Win32.ActiveCfg = Release|Win32
		{5008C560-2710-4B5B-9E4A-CD4A0837F49B}.Release|Win32.Build.0 = Release|Win32
	EndGlobalSection
	GlobalSection(SolutionProperties) = preSolution
		HideSolutionNode = FALSE
	EndGlobalSection
EndGlobal
